// !$*UTF8*$!
{
	archiveVersion = 1;
	classes = {
	};
	objectVersion = 46;
	objects = {

/* Begin PBXBuildFile section */
		1824B25A1CCE71CF00EEB2C6 /* main.m in Sources */ = {isa = PBXBuildFile; fileRef = 1824B2591CCE71CF00EEB2C6 /* main.m */; };
		1824B25D1CCE71CF00EEB2C6 /* AppDelegate.m in Sources */ = {isa = PBXBuildFile; fileRef = 1824B25C1CCE71CF00EEB2C6 /* AppDelegate.m */; };
		1824B2601CCE71CF00EEB2C6 /* ViewController.m in Sources */ = {isa = PBXBuildFile; fileRef = 1824B25F1CCE71CF00EEB2C6 /* ViewController.m */; };
		1824B2631CCE71CF00EEB2C6 /* Main.storyboard in Resources */ = {isa = PBXBuildFile; fileRef = 1824B2611CCE71CF00EEB2C6 /* Main.storyboard */; };
		1824B2651CCE71CF00EEB2C6 /* Assets.xcassets in Resources */ = {isa = PBXBuildFile; fileRef = 1824B2641CCE71CF00EEB2C6 /* Assets.xcassets */; };
		1824B2681CCE71CF00EEB2C6 /* LaunchScreen.storyboard in Resources */ = {isa = PBXBuildFile; fileRef = 1824B2661CCE71CF00EEB2C6 /* LaunchScreen.storyboard */; };
		18FCB85A1CD10662008E90E4 /* DrawBoardView.m in Sources */ = {isa = PBXBuildFile; fileRef = 18FCB8591CD10662008E90E4 /* DrawBoardView.m */; };
		18FCB8651CD107D1008E90E4 /* point.fsh in Resources */ = {isa = PBXBuildFile; fileRef = 18FCB85D1CD107D1008E90E4 /* point.fsh */; };
		18FCB8661CD107D1008E90E4 /* point.vsh in Resources */ = {isa = PBXBuildFile; fileRef = 18FCB85E1CD107D1008E90E4 /* point.vsh */; };
		18FCB8671CD107D1008E90E4 /* fileUtil.m in Sources */ = {isa = PBXBuildFile; fileRef = 18FCB8621CD107D1008E90E4 /* fileUtil.m */; };
		18FCB8681CD107D1008E90E4 /* shaderUtil.c in Sources */ = {isa = PBXBuildFile; fileRef = 18FCB8631CD107D1008E90E4 /* shaderUtil.c */; };
		18FCB86A1CD10800008E90E4 /* OpenGLES.framework in Frameworks */ = {isa = PBXBuildFile; fileRef = 18FCB8691CD10800008E90E4 /* OpenGLES.framework */; };
		57591C8026342F89002A8236 /* TextureCapture.m in Sources */ = {isa = PBXBuildFile; fileRef = 57591C7F26342F89002A8236 /* TextureCapture.m */; };
		57A7E6F3266B946C00FE38D3 /* GLContext.m in Sources */ = {isa = PBXBuildFile; fileRef = 57A7E6ED266B946C00FE38D3 /* GLContext.m */; };
		57A7E6F4266B946C00FE38D3 /* GLProgram.m in Sources */ = {isa = PBXBuildFile; fileRef = 57A7E6F0266B946C00FE38D3 /* GLProgram.m */; };
		57A7E6F5266B946C00FE38D3 /* GLTexture.m in Sources */ = {isa = PBXBuildFile; fileRef = 57A7E6F2266B946C00FE38D3 /* GLTexture.m */; };
		57A7E6F8266B9AD600FE38D3 /* DrawBoardCtx.m in Sources */ = {isa = PBXBuildFile; fileRef = 57A7E6F7266B9AD600FE38D3 /* DrawBoardCtx.m */; };
/* End PBXBuildFile section */

/* Begin PBXFileReference section */
		1824B2551CCE71CF00EEB2C6 /* DCPaintBoard.app */ = {isa = PBXFileReference; explicitFileType = wrapper.application; includeInIndex = 0; path = DCPaintBoard.app; sourceTree = BUILT_PRODUCTS_DIR; };
		1824B2591CCE71CF00EEB2C6 /* main.m */ = {isa = PBXFileReference; lastKnownFileType = sourcecode.c.objc; path = main.m; sourceTree = "<group>"; };
		1824B25B1CCE71CF00EEB2C6 /* AppDelegate.h */ = {isa = PBXFileReference; lastKnownFileType = sourcecode.c.h; path = AppDelegate.h; sourceTree = "<group>"; };
		1824B25C1CCE71CF00EEB2C6 /* AppDelegate.m */ = {isa = PBXFileReference; lastKnownFileType = sourcecode.c.objc; path = AppDelegate.m; sourceTree = "<group>"; };
		1824B25E1CCE71CF00EEB2C6 /* ViewController.h */ = {isa = PBXFileReference; lastKnownFileType = sourcecode.c.h; path = ViewController.h; sourceTree = "<group>"; };
		1824B25F1CCE71CF00EEB2C6 /* ViewController.m */ = {isa = PBXFileReference; lastKnownFileType = sourcecode.c.objc; path = ViewController.m; sourceTree = "<group>"; };
		1824B2621CCE71CF00EEB2C6 /* Base */ = {isa = PBXFileReference; lastKnownFileType = file.storyboard; name = Base; path = Base.lproj/Main.storyboard; sourceTree = "<group>"; };
		1824B2641CCE71CF00EEB2C6 /* Assets.xcassets */ = {isa = PBXFileReference; lastKnownFileType = folder.assetcatalog; path = Assets.xcassets; sourceTree = "<group>"; };
		1824B2671CCE71CF00EEB2C6 /* Base */ = {isa = PBXFileReference; lastKnownFileType = file.storyboard; name = Base; path = Base.lproj/LaunchScreen.storyboard; sourceTree = "<group>"; };
		1824B2691CCE71CF00EEB2C6 /* Info.plist */ = {isa = PBXFileReference; lastKnownFileType = text.plist.xml; path = Info.plist; sourceTree = "<group>"; };
		18FCB8581CD10662008E90E4 /* DrawBoardView.h */ = {isa = PBXFileReference; fileEncoding = 4; lastKnownFileType = sourcecode.c.h; path = DrawBoardView.h; sourceTree = "<group>"; };
		18FCB8591CD10662008E90E4 /* DrawBoardView.m */ = {isa = PBXFileReference; fileEncoding = 4; lastKnownFileType = sourcecode.c.objc; path = DrawBoardView.m; sourceTree = "<group>"; };
		18FCB85B1CD107D1008E90E4 /* 说明.h */ = {isa = PBXFileReference; fileEncoding = 4; lastKnownFileType = sourcecode.c.h; path = "说明.h"; sourceTree = "<group>"; };
		18FCB85D1CD107D1008E90E4 /* point.fsh */ = {isa = PBXFileReference; fileEncoding = 4; lastKnownFileType = sourcecode.glsl; path = point.fsh; sourceTree = "<group>"; };
		18FCB85E1CD107D1008E90E4 /* point.vsh */ = {isa = PBXFileReference; fileEncoding = 4; lastKnownFileType = sourcecode.glsl; path = point.vsh; sourceTree = "<group>"; };
		18FCB8601CD107D1008E90E4 /* debug.h */ = {isa = PBXFileReference; fileEncoding = 4; lastKnownFileType = sourcecode.c.h; path = debug.h; sourceTree = "<group>"; };
		18FCB8611CD107D1008E90E4 /* fileUtil.h */ = {isa = PBXFileReference; fileEncoding = 4; lastKnownFileType = sourcecode.c.h; path = fileUtil.h; sourceTree = "<group>"; };
		18FCB8621CD107D1008E90E4 /* fileUtil.m */ = {isa = PBXFileReference; fileEncoding = 4; lastKnownFileType = sourcecode.c.objc; path = fileUtil.m; sourceTree = "<group>"; };
		18FCB8631CD107D1008E90E4 /* shaderUtil.c */ = {isa = PBXFileReference; fileEncoding = 4; lastKnownFileType = sourcecode.c.c; path = shaderUtil.c; sourceTree = "<group>"; };
		18FCB8641CD107D1008E90E4 /* shaderUtil.h */ = {isa = PBXFileReference; fileEncoding = 4; lastKnownFileType = sourcecode.c.h; path = shaderUtil.h; sourceTree = "<group>"; };
		18FCB8691CD10800008E90E4 /* OpenGLES.framework */ = {isa = PBXFileReference; lastKnownFileType = wrapper.framework; name = OpenGLES.framework; path = System/Library/Frameworks/OpenGLES.framework; sourceTree = SDKROOT; };
		57591C7E26342F89002A8236 /* TextureCapture.h */ = {isa = PBXFileReference; fileEncoding = 4; lastKnownFileType = sourcecode.c.h; path = TextureCapture.h; sourceTree = "<group>"; };
		57591C7F26342F89002A8236 /* TextureCapture.m */ = {isa = PBXFileReference; fileEncoding = 4; lastKnownFileType = sourcecode.c.objc; path = TextureCapture.m; sourceTree = "<group>"; };
		57A7E6EC266B946C00FE38D3 /* GLContext.h */ = {isa = PBXFileReference; fileEncoding = 4; lastKnownFileType = sourcecode.c.h; path = GLContext.h; sourceTree = "<group>"; };
		57A7E6ED266B946C00FE38D3 /* GLContext.m */ = {isa = PBXFileReference; fileEncoding = 4; lastKnownFileType = sourcecode.c.objc; path = GLContext.m; sourceTree = "<group>"; };
		57A7E6EE266B946C00FE38D3 /* GLDefine.h */ = {isa = PBXFileReference; fileEncoding = 4; lastKnownFileType = sourcecode.c.h; path = GLDefine.h; sourceTree = "<group>"; };
		57A7E6EF266B946C00FE38D3 /* GLProgram.h */ = {isa = PBXFileReference; fileEncoding = 4; lastKnownFileType = sourcecode.c.h; path = GLProgram.h; sourceTree = "<group>"; };
		57A7E6F0266B946C00FE38D3 /* GLProgram.m */ = {isa = PBXFileReference; fileEncoding = 4; lastKnownFileType = sourcecode.c.objc; path = GLProgram.m; sourceTree = "<group>"; };
		57A7E6F1266B946C00FE38D3 /* GLTexture.h */ = {isa = PBXFileReference; fileEncoding = 4; lastKnownFileType = sourcecode.c.h; path = GLTexture.h; sourceTree = "<group>"; };
		57A7E6F2266B946C00FE38D3 /* GLTexture.m */ = {isa = PBXFileReference; fileEncoding = 4; lastKnownFileType = sourcecode.c.objc; path = GLTexture.m; sourceTree = "<group>"; };
		57A7E6F6266B9AC200FE38D3 /* DrawBoardCtx.h */ = {isa = PBXFileReference; lastKnownFileType = sourcecode.c.h; path = DrawBoardCtx.h; sourceTree = "<group>"; };
		57A7E6F7266B9AD600FE38D3 /* DrawBoardCtx.m */ = {isa = PBXFileReference; lastKnownFileType = sourcecode.c.objc; path = DrawBoardCtx.m; sourceTree = "<group>"; };
/* End PBXFileReference section */

/* Begin PBXFrameworksBuildPhase section */
		1824B2521CCE71CF00EEB2C6 /* Frameworks */ = {
			isa = PBXFrameworksBuildPhase;
			buildActionMask = 2147483647;
			files = (
				18FCB86A1CD10800008E90E4 /* OpenGLES.framework in Frameworks */,
			);
			runOnlyForDeploymentPostprocessing = 0;
		};
/* End PBXFrameworksBuildPhase section */

/* Begin PBXGroup section */
		1824B24C1CCE71CF00EEB2C6 = {
			isa = PBXGroup;
			children = (
				18FCB8691CD10800008E90E4 /* OpenGLES.framework */,
				1824B2571CCE71CF00EEB2C6 /* DCPaintBoard */,
				1824B2561CCE71CF00EEB2C6 /* Products */,
			);
			sourceTree = "<group>";
		};
		1824B2561CCE71CF00EEB2C6 /* Products */ = {
			isa = PBXGroup;
			children = (
				1824B2551CCE71CF00EEB2C6 /* DCPaintBoard.app */,
			);
			name = Products;
			sourceTree = "<group>";
		};
		1824B2571CCE71CF00EEB2C6 /* DCPaintBoard */ = {
			isa = PBXGroup;
			children = (
				57A7E6EB266B946C00FE38D3 /* common */,
				18FCB85B1CD107D1008E90E4 /* 说明.h */,
				57591C7E26342F89002A8236 /* TextureCapture.h */,
				57591C7F26342F89002A8236 /* TextureCapture.m */,
				18FCB8581CD10662008E90E4 /* DrawBoardView.h */,
				18FCB8591CD10662008E90E4 /* DrawBoardView.m */,
				57A7E6F6266B9AC200FE38D3 /* DrawBoardCtx.h */,
				57A7E6F7266B9AD600FE38D3 /* DrawBoardCtx.m */,
				18FCB85C1CD107D1008E90E4 /* Shaders */,
				18FCB85F1CD107D1008E90E4 /* UtilSrc */,
				1824B25B1CCE71CF00EEB2C6 /* AppDelegate.h */,
				1824B25C1CCE71CF00EEB2C6 /* AppDelegate.m */,
				1824B25E1CCE71CF00EEB2C6 /* ViewController.h */,
				1824B25F1CCE71CF00EEB2C6 /* ViewController.m */,
				1824B2611CCE71CF00EEB2C6 /* Main.storyboard */,
				1824B2641CCE71CF00EEB2C6 /* Assets.xcassets */,
				1824B2661CCE71CF00EEB2C6 /* LaunchScreen.storyboard */,
				1824B2691CCE71CF00EEB2C6 /* Info.plist */,
				1824B2581CCE71CF00EEB2C6 /* Supporting Files */,
			);
			path = DCPaintBoard;
			sourceTree = "<group>";
		};
		1824B2581CCE71CF00EEB2C6 /* Supporting Files */ = {
			isa = PBXGroup;
			children = (
				1824B2591CCE71CF00EEB2C6 /* main.m */,
			);
			name = "Supporting Files";
			sourceTree = "<group>";
		};
		18FCB85C1CD107D1008E90E4 /* Shaders */ = {
			isa = PBXGroup;
			children = (
				18FCB85D1CD107D1008E90E4 /* point.fsh */,
				18FCB85E1CD107D1008E90E4 /* point.vsh */,
			);
			path = Shaders;
			sourceTree = "<group>";
		};
		18FCB85F1CD107D1008E90E4 /* UtilSrc */ = {
			isa = PBXGroup;
			children = (
				18FCB8601CD107D1008E90E4 /* debug.h */,
				18FCB8611CD107D1008E90E4 /* fileUtil.h */,
				18FCB8621CD107D1008E90E4 /* fileUtil.m */,
				18FCB8631CD107D1008E90E4 /* shaderUtil.c */,
				18FCB8641CD107D1008E90E4 /* shaderUtil.h */,
			);
			path = UtilSrc;
			sourceTree = "<group>";
		};
		57A7E6EB266B946C00FE38D3 /* common */ = {
			isa = PBXGroup;
			children = (
				57A7E6EE266B946C00FE38D3 /* GLDefine.h */,
				57A7E6EC266B946C00FE38D3 /* GLContext.h */,
				57A7E6ED266B946C00FE38D3 /* GLContext.m */,
				57A7E6EF266B946C00FE38D3 /* GLProgram.h */,
				57A7E6F0266B946C00FE38D3 /* GLProgram.m */,
				57A7E6F1266B946C00FE38D3 /* GLTexture.h */,
				57A7E6F2266B946C00FE38D3 /* GLTexture.m */,
			);
			path = common;
			sourceTree = "<group>";
		};
/* End PBXGroup section */

/* Begin PBXNativeTarget section */
		1824B2541CCE71CF00EEB2C6 /* DCPaintBoard */ = {
			isa = PBXNativeTarget;
			buildConfigurationList = 1824B26C1CCE71CF00EEB2C6 /* Build configuration list for PBXNativeTarget "DCPaintBoard" */;
			buildPhases = (
				1824B2511CCE71CF00EEB2C6 /* Sources */,
				1824B2521CCE71CF00EEB2C6 /* Frameworks */,
				1824B2531CCE71CF00EEB2C6 /* Resources */,
			);
			buildRules = (
			);
			dependencies = (
			);
			name = DCPaintBoard;
			productName = DCPaintBoard;
			productReference = 1824B2551CCE71CF00EEB2C6 /* DCPaintBoard.app */;
			productType = "com.apple.product-type.application";
		};
/* End PBXNativeTarget section */

/* Begin PBXProject section */
		1824B24D1CCE71CF00EEB2C6 /* Project object */ = {
			isa = PBXProject;
			attributes = {
				LastUpgradeCheck = 0710;
				ORGANIZATIONNAME = Wade;
				TargetAttributes = {
					1824B2541CCE71CF00EEB2C6 = {
						CreatedOnToolsVersion = 7.1.1;
						DevelopmentTeam = 42K73DQD28;
					};
				};
			};
			buildConfigurationList = 1824B2501CCE71CF00EEB2C6 /* Build configuration list for PBXProject "DCPaintBoard" */;
			compatibilityVersion = "Xcode 3.2";
			developmentRegion = English;
			hasScannedForEncodings = 0;
			knownRegions = (
				English,
				en,
				Base,
			);
			mainGroup = 1824B24C1CCE71CF00EEB2C6;
			productRefGroup = 1824B2561CCE71CF00EEB2C6 /* Products */;
			projectDirPath = "";
			projectRoot = "";
			targets = (
				1824B2541CCE71CF00EEB2C6 /* DCPaintBoard */,
			);
		};
/* End PBXProject section */

/* Begin PBXResourcesBuildPhase section */
		1824B2531CCE71CF00EEB2C6 /* Resources */ = {
			isa = PBXResourcesBuildPhase;
			buildActionMask = 2147483647;
			files = (
				1824B2681CCE71CF00EEB2C6 /* LaunchScreen.storyboard in Resources */,
				1824B2651CCE71CF00EEB2C6 /* Assets.xcassets in Resources */,
				18FCB8661CD107D1008E90E4 /* point.vsh in Resources */,
				18FCB8651CD107D1008E90E4 /* point.fsh in Resources */,
				1824B2631CCE71CF00EEB2C6 /* Main.storyboard in Resources */,
			);
			runOnlyForDeploymentPostprocessing = 0;
		};
/* End PBXResourcesBuildPhase section */

/* Begin PBXSourcesBuildPhase section */
		1824B2511CCE71CF00EEB2C6 /* Sources */ = {
			isa = PBXSourcesBuildPhase;
			buildActionMask = 2147483647;
			files = (
				1824B2601CCE71CF00EEB2C6 /* ViewController.m in Sources */,
				1824B25D1CCE71CF00EEB2C6 /* AppDelegate.m in Sources */,
				18FCB8671CD107D1008E90E4 /* fileUtil.m in Sources */,
				18FCB85A1CD10662008E90E4 /* DrawBoardView.m in Sources */,
				57A7E6F5266B946C00FE38D3 /* GLTexture.m in Sources */,
				1824B25A1CCE71CF00EEB2C6 /* main.m in Sources */,
				57A7E6F4266B946C00FE38D3 /* GLProgram.m in Sources */,
				18FCB8681CD107D1008E90E4 /* shaderUtil.c in Sources */,
				57A7E6F8266B9AD600FE38D3 /* DrawBoardCtx.m in Sources */,
				57A7E6F3266B946C00FE38D3 /* GLContext.m in Sources */,
				57591C8026342F89002A8236 /* TextureCapture.m in Sources */,
			);
			runOnlyForDeploymentPostprocessing = 0;
		};
/* End PBXSourcesBuildPhase section */

/* Begin PBXVariantGroup section */
		1824B2611CCE71CF00EEB2C6 /* Main.storyboard */ = {
			isa = PBXVariantGroup;
			children = (
				1824B2621CCE71CF00EEB2C6 /* Base */,
			);
			name = Main.storyboard;
			sourceTree = "<group>";
		};
		1824B2661CCE71CF00EEB2C6 /* LaunchScreen.storyboard */ = {
			isa = PBXVariantGroup;
			children = (
				1824B2671CCE71CF00EEB2C6 /* Base */,
			);
			name = LaunchScreen.storyboard;
			sourceTree = "<group>";
		};
/* End PBXVariantGroup section */

/* Begin XCBuildConfiguration section */
		1824B26A1CCE71CF00EEB2C6 /* Debug */ = {
			isa = XCBuildConfiguration;
			buildSettings = {
				ALWAYS_SEARCH_USER_PATHS = NO;
				CLANG_CXX_LANGUAGE_STANDARD = "gnu++0x";
				CLANG_CXX_LIBRARY = "libc++";
				CLANG_ENABLE_MODULES = YES;
				CLANG_ENABLE_OBJC_ARC = YES;
				CLANG_WARN_BOOL_CONVERSION = YES;
				CLANG_WARN_CONSTANT_CONVERSION = YES;
				CLANG_WARN_DIRECT_OBJC_ISA_USAGE = YES_ERROR;
				CLANG_WARN_EMPTY_BODY = YES;
				CLANG_WARN_ENUM_CONVERSION = YES;
				CLANG_WARN_INT_CONVERSION = YES;
				CLANG_WARN_OBJC_ROOT_CLASS = YES_ERROR;
				CLANG_WARN_UNREACHABLE_CODE = YES;
				CLANG_WARN__DUPLICATE_METHOD_MATCH = YES;
				"CODE_SIGN_IDENTITY[sdk=iphoneos*]" = "iPhone Developer";
				COPY_PHASE_STRIP = NO;
				DEBUG_INFORMATION_FORMAT = dwarf;
				ENABLE_STRICT_OBJC_MSGSEND = YES;
				ENABLE_TESTABILITY = YES;
				GCC_C_LANGUAGE_STANDARD = gnu99;
				GCC_DYNAMIC_NO_PIC = NO;
				GCC_NO_COMMON_BLOCKS = YES;
				GCC_OPTIMIZATION_LEVEL = 0;
				GCC_PREPROCESSOR_DEFINITIONS = (
					"DEBUG=1",
					"$(inherited)",
				);
				GCC_WARN_64_TO_32_BIT_CONVERSION = YES;
				GCC_WARN_ABOUT_RETURN_TYPE = YES_ERROR;
				GCC_WARN_UNDECLARED_SELECTOR = YES;
				GCC_WARN_UNINITIALIZED_AUTOS = YES_AGGRESSIVE;
				GCC_WARN_UNUSED_FUNCTION = YES;
				GCC_WARN_UNUSED_VARIABLE = YES;
				IPHONEOS_DEPLOYMENT_TARGET = 9.1;
				MTL_ENABLE_DEBUG_INFO = YES;
				ONLY_ACTIVE_ARCH = YES;
				SDKROOT = iphoneos;
			};
			name = Debug;
		};
		1824B26B1CCE71CF00EEB2C6 /* Release */ = {
			isa = XCBuildConfiguration;
			buildSettings = {
				ALWAYS_SEARCH_USER_PATHS = NO;
				CLANG_CXX_LANGUAGE_STANDARD = "gnu++0x";
				CLANG_CXX_LIBRARY = "libc++";
				CLANG_ENABLE_MODULES = YES;
				CLANG_ENABLE_OBJC_ARC = YES;
				CLANG_WARN_BOOL_CONVERSION = YES;
				CLANG_WARN_CONSTANT_CONVERSION = YES;
				CLANG_WARN_DIRECT_OBJC_ISA_USAGE = YES_ERROR;
				CLANG_WARN_EMPTY_BODY = YES;
				CLANG_WARN_ENUM_CONVERSION = YES;
				CLANG_WARN_INT_CONVERSION = YES;
				CLANG_WARN_OBJC_ROOT_CLASS = YES_ERROR;
				CLANG_WARN_UNREACHABLE_CODE = YES;
				CLANG_WARN__DUPLICATE_METHOD_MATCH = YES;
				"CODE_SIGN_IDENTITY[sdk=iphoneos*]" = "iPhone Developer";
				COPY_PHASE_STRIP = NO;
				DEBUG_INFORMATION_FORMAT = "dwarf-with-dsym";
				ENABLE_NS_ASSERTIONS = NO;
				ENABLE_STRICT_OBJC_MSGSEND = YES;
				GCC_C_LANGUAGE_STANDARD = gnu99;
				GCC_NO_COMMON_BLOCKS = YES;
				GCC_WARN_64_TO_32_BIT_CONVERSION = YES;
				GCC_WARN_ABOUT_RETURN_TYPE = YES_ERROR;
				GCC_WARN_UNDECLARED_SELECTOR = YES;
				GCC_WARN_UNINITIALIZED_AUTOS = YES_AGGRESSIVE;
				GCC_WARN_UNUSED_FUNCTION = YES;
				GCC_WARN_UNUSED_VARIABLE = YES;
				IPHONEOS_DEPLOYMENT_TARGET = 9.1;
				MTL_ENABLE_DEBUG_INFO = NO;
				SDKROOT = iphoneos;
				VALIDATE_PRODUCT = YES;
			};
			name = Release;
		};
		1824B26D1CCE71CF00EEB2C6 /* Debug */ = {
			isa = XCBuildConfiguration;
			buildSettings = {
				ASSETCATALOG_COMPILER_APPICON_NAME = AppIcon;
				DEVELOPMENT_TEAM = 42K73DQD28;
				INFOPLIST_FILE = DCPaintBoard/Info.plist;
				IPHONEOS_DEPLOYMENT_TARGET = 11.0;
				LD_RUNPATH_SEARCH_PATHS = "$(inherited) @executable_path/Frameworks";
				PRODUCT_BUNDLE_IDENTIFIER = com.hilive.painter;
				PRODUCT_NAME = "$(TARGET_NAME)";
				TARGETED_DEVICE_FAMILY = "1,2";
			};
			name = Debug;
		};
		1824B26E1CCE71CF00EEB2C6 /* Release */ = {
			isa = XCBuildConfiguration;
			buildSettings = {
				ASSETCATALOG_COMPILER_APPICON_NAME = AppIcon;
				DEVELOPMENT_TEAM = 42K73DQD28;
				INFOPLIST_FILE = DCPaintBoard/Info.plist;
				IPHONEOS_DEPLOYMENT_TARGET = 11.0;
				LD_RUNPATH_SEARCH_PATHS = "$(inherited) @executable_path/Frameworks";
				PRODUCT_BUNDLE_IDENTIFIER = com.hilive.painter;
				PRODUCT_NAME = "$(TARGET_NAME)";
				TARGETED_DEVICE_FAMILY = "1,2";
			};
			name = Release;
		};
/* End XCBuildConfiguration section */

/* Begin XCConfigurationList section */
		1824B2501CCE71CF00EEB2C6 /* Build configuration list for PBXProject "DCPaintBoard" */ = {
			isa = XCConfigurationList;
			buildConfigurations = (
				1824B26A1CCE71CF00EEB2C6 /* Debug */,
				1824B26B1CCE71CF00EEB2C6 /* Release */,
			);
			defaultConfigurationIsVisible = 0;
			defaultConfigurationName = Release;
		};
		1824B26C1CCE71CF00EEB2C6 /* Build configuration list for PBXNativeTarget "DCPaintBoard" */ = {
			isa = XCConfigurationList;
			buildConfigurations = (
				1824B26D1CCE71CF00EEB2C6 /* Debug */,
				1824B26E1CCE71CF00EEB2C6 /* Release */,
			);
			defaultConfigurationIsVisible = 0;
			defaultConfigurationName = Release;
		};
/* End XCConfigurationList section */
	};
	rootObject = 1824B24D1CCE71CF00EEB2C6 /* Project object */;
}
