// !$*UTF8*$!
{
	archiveVersion = 1;
	classes = {
	};
	objectVersion = 50;
	objects = {

/* Begin PBXBuildFile section */
		57D4B00D24D1616400C6DE4C /* AppDelegate.m in Sources */ = {isa = PBXBuildFile; fileRef = 57D4B00C24D1616400C6DE4C /* AppDelegate.m */; };
		57D4B01024D1616400C6DE4C /* SceneDelegate.m in Sources */ = {isa = PBXBuildFile; fileRef = 57D4B00F24D1616400C6DE4C /* SceneDelegate.m */; };
		57D4B01324D1616400C6DE4C /* ViewController.mm in Sources */ = {isa = PBXBuildFile; fileRef = 57D4B01224D1616400C6DE4C /* ViewController.mm */; };
		57D4B01624D1616400C6DE4C /* Main.storyboard in Resources */ = {isa = PBXBuildFile; fileRef = 57D4B01424D1616400C6DE4C /* Main.storyboard */; };
		57D4B01824D1616500C6DE4C /* Assets.xcassets in Resources */ = {isa = PBXBuildFile; fileRef = 57D4B01724D1616500C6DE4C /* Assets.xcassets */; };
		57D4B01B24D1616500C6DE4C /* LaunchScreen.storyboard in Resources */ = {isa = PBXBuildFile; fileRef = 57D4B01924D1616500C6DE4C /* LaunchScreen.storyboard */; };
		57D4B01E24D1616500C6DE4C /* main.m in Sources */ = {isa = PBXBuildFile; fileRef = 57D4B01D24D1616500C6DE4C /* main.m */; };
		57F87AAA26D7CDBC007AFB2D /* UIColor+MWEExtension.m in Sources */ = {isa = PBXBuildFile; fileRef = 57F87AA926D7CDBC007AFB2D /* UIColor+MWEExtension.m */; };
		57F87AAD26D7D010007AFB2D /* UIFont+UltronRTE.mm in Sources */ = {isa = PBXBuildFile; fileRef = 57F87AAB26D7D010007AFB2D /* UIFont+UltronRTE.mm */; };
/* End PBXBuildFile section */

/* Begin PBXFileReference section */
		57D4B00824D1616400C6DE4C /* font-test.app */ = {isa = PBXFileReference; explicitFileType = wrapper.application; includeInIndex = 0; path = "font-test.app"; sourceTree = BUILT_PRODUCTS_DIR; };
		57D4B00B24D1616400C6DE4C /* AppDelegate.h */ = {isa = PBXFileReference; lastKnownFileType = sourcecode.c.h; path = AppDelegate.h; sourceTree = "<group>"; };
		57D4B00C24D1616400C6DE4C /* AppDelegate.m */ = {isa = PBXFileReference; lastKnownFileType = sourcecode.c.objc; path = AppDelegate.m; sourceTree = "<group>"; };
		57D4B00E24D1616400C6DE4C /* SceneDelegate.h */ = {isa = PBXFileReference; lastKnownFileType = sourcecode.c.h; path = SceneDelegate.h; sourceTree = "<group>"; };
		57D4B00F24D1616400C6DE4C /* SceneDelegate.m */ = {isa = PBXFileReference; lastKnownFileType = sourcecode.c.objc; path = SceneDelegate.m; sourceTree = "<group>"; };
		57D4B01124D1616400C6DE4C /* ViewController.h */ = {isa = PBXFileReference; lastKnownFileType = sourcecode.c.h; path = ViewController.h; sourceTree = "<group>"; };
		57D4B01224D1616400C6DE4C /* ViewController.mm */ = {isa = PBXFileReference; lastKnownFileType = sourcecode.cpp.objcpp; path = ViewController.mm; sourceTree = "<group>"; };
		57D4B01524D1616400C6DE4C /* Base */ = {isa = PBXFileReference; lastKnownFileType = file.storyboard; name = Base; path = Base.lproj/Main.storyboard; sourceTree = "<group>"; };
		57D4B01724D1616500C6DE4C /* Assets.xcassets */ = {isa = PBXFileReference; lastKnownFileType = folder.assetcatalog; path = Assets.xcassets; sourceTree = "<group>"; };
		57D4B01A24D1616500C6DE4C /* Base */ = {isa = PBXFileReference; lastKnownFileType = file.storyboard; name = Base; path = Base.lproj/LaunchScreen.storyboard; sourceTree = "<group>"; };
		57D4B01C24D1616500C6DE4C /* Info.plist */ = {isa = PBXFileReference; lastKnownFileType = text.plist.xml; path = Info.plist; sourceTree = "<group>"; };
		57D4B01D24D1616500C6DE4C /* main.m */ = {isa = PBXFileReference; lastKnownFileType = sourcecode.c.objc; path = main.m; sourceTree = "<group>"; };
		57F87AA726D63AB1007AFB2D /* font-test.entitlements */ = {isa = PBXFileReference; lastKnownFileType = text.plist.entitlements; path = "font-test.entitlements"; sourceTree = "<group>"; };
		57F87AA826D7CDBC007AFB2D /* UIColor+MWEExtension.h */ = {isa = PBXFileReference; fileEncoding = 4; lastKnownFileType = sourcecode.c.h; path = "UIColor+MWEExtension.h"; sourceTree = "<group>"; };
		57F87AA926D7CDBC007AFB2D /* UIColor+MWEExtension.m */ = {isa = PBXFileReference; fileEncoding = 4; lastKnownFileType = sourcecode.c.objc; path = "UIColor+MWEExtension.m"; sourceTree = "<group>"; };
		57F87AAB26D7D010007AFB2D /* UIFont+UltronRTE.mm */ = {isa = PBXFileReference; fileEncoding = 4; lastKnownFileType = sourcecode.cpp.objcpp; path = "UIFont+UltronRTE.mm"; sourceTree = "<group>"; };
		57F87AAC26D7D010007AFB2D /* UIFont+UltronRTE.h */ = {isa = PBXFileReference; fileEncoding = 4; lastKnownFileType = sourcecode.c.h; path = "UIFont+UltronRTE.h"; sourceTree = "<group>"; };
/* End PBXFileReference section */

/* Begin PBXFrameworksBuildPhase section */
		57D4B00524D1616300C6DE4C /* Frameworks */ = {
			isa = PBXFrameworksBuildPhase;
			buildActionMask = 2147483647;
			files = (
			);
			runOnlyForDeploymentPostprocessing = 0;
		};
/* End PBXFrameworksBuildPhase section */

/* Begin PBXGroup section */
		57D4AFFF24D1616300C6DE4C = {
			isa = PBXGroup;
			children = (
				57D4B00A24D1616400C6DE4C /* font-test */,
				57D4B00924D1616400C6DE4C /* Products */,
			);
			sourceTree = "<group>";
		};
		57D4B00924D1616400C6DE4C /* Products */ = {
			isa = PBXGroup;
			children = (
				57D4B00824D1616400C6DE4C /* font-test.app */,
			);
			name = Products;
			sourceTree = "<group>";
		};
		57D4B00A24D1616400C6DE4C /* font-test */ = {
			isa = PBXGroup;
			children = (
				57F87AAC26D7D010007AFB2D /* UIFont+UltronRTE.h */,
				57F87AAB26D7D010007AFB2D /* UIFont+UltronRTE.mm */,
				57F87AA826D7CDBC007AFB2D /* UIColor+MWEExtension.h */,
				57F87AA926D7CDBC007AFB2D /* UIColor+MWEExtension.m */,
				57F87AA726D63AB1007AFB2D /* font-test.entitlements */,
				57D4B00B24D1616400C6DE4C /* AppDelegate.h */,
				57D4B00C24D1616400C6DE4C /* AppDelegate.m */,
				57D4B00E24D1616400C6DE4C /* SceneDelegate.h */,
				57D4B00F24D1616400C6DE4C /* SceneDelegate.m */,
				57D4B01124D1616400C6DE4C /* ViewController.h */,
				57D4B01224D1616400C6DE4C /* ViewController.mm */,
				57D4B01424D1616400C6DE4C /* Main.storyboard */,
				57D4B01724D1616500C6DE4C /* Assets.xcassets */,
				57D4B01924D1616500C6DE4C /* LaunchScreen.storyboard */,
				57D4B01C24D1616500C6DE4C /* Info.plist */,
				57D4B01D24D1616500C6DE4C /* main.m */,
			);
			path = "font-test";
			sourceTree = "<group>";
		};
/* End PBXGroup section */

/* Begin PBXNativeTarget section */
		57D4B00724D1616300C6DE4C /* font-test */ = {
			isa = PBXNativeTarget;
			buildConfigurationList = 57D4B02124D1616500C6DE4C /* Build configuration list for PBXNativeTarget "font-test" */;
			buildPhases = (
				57D4B00424D1616300C6DE4C /* Sources */,
				57D4B00524D1616300C6DE4C /* Frameworks */,
				57D4B00624D1616300C6DE4C /* Resources */,
			);
			buildRules = (
			);
			dependencies = (
			);
			name = "font-test";
			productName = "font-test";
			productReference = 57D4B00824D1616400C6DE4C /* font-test.app */;
			productType = "com.apple.product-type.application";
		};
/* End PBXNativeTarget section */

/* Begin PBXProject section */
		57D4B00024D1616300C6DE4C /* Project object */ = {
			isa = PBXProject;
			attributes = {
				LastUpgradeCheck = 1160;
				ORGANIZATIONNAME = "cort xu";
				TargetAttributes = {
					57D4B00724D1616300C6DE4C = {
						CreatedOnToolsVersion = 11.6;
					};
				};
			};
			buildConfigurationList = 57D4B00324D1616300C6DE4C /* Build configuration list for PBXProject "font-test" */;
			compatibilityVersion = "Xcode 9.3";
			developmentRegion = en;
			hasScannedForEncodings = 0;
			knownRegions = (
				en,
				Base,
			);
			mainGroup = 57D4AFFF24D1616300C6DE4C;
			productRefGroup = 57D4B00924D1616400C6DE4C /* Products */;
			projectDirPath = "";
			projectRoot = "";
			targets = (
				57D4B00724D1616300C6DE4C /* font-test */,
			);
		};
/* End PBXProject section */

/* Begin PBXResourcesBuildPhase section */
		57D4B00624D1616300C6DE4C /* Resources */ = {
			isa = PBXResourcesBuildPhase;
			buildActionMask = 2147483647;
			files = (
				57D4B01B24D1616500C6DE4C /* LaunchScreen.storyboard in Resources */,
				57D4B01824D1616500C6DE4C /* Assets.xcassets in Resources */,
				57D4B01624D1616400C6DE4C /* Main.storyboard in Resources */,
			);
			runOnlyForDeploymentPostprocessing = 0;
		};
/* End PBXResourcesBuildPhase section */

/* Begin PBXSourcesBuildPhase section */
		57D4B00424D1616300C6DE4C /* Sources */ = {
			isa = PBXSourcesBuildPhase;
			buildActionMask = 2147483647;
			files = (
				57F87AAD26D7D010007AFB2D /* UIFont+UltronRTE.mm in Sources */,
				57D4B01324D1616400C6DE4C /* ViewController.mm in Sources */,
				57D4B00D24D1616400C6DE4C /* AppDelegate.m in Sources */,
				57F87AAA26D7CDBC007AFB2D /* UIColor+MWEExtension.m in Sources */,
				57D4B01E24D1616500C6DE4C /* main.m in Sources */,
				57D4B01024D1616400C6DE4C /* SceneDelegate.m in Sources */,
			);
			runOnlyForDeploymentPostprocessing = 0;
		};
/* End PBXSourcesBuildPhase section */

/* Begin PBXVariantGroup section */
		57D4B01424D1616400C6DE4C /* Main.storyboard */ = {
			isa = PBXVariantGroup;
			children = (
				57D4B01524D1616400C6DE4C /* Base */,
			);
			name = Main.storyboard;
			sourceTree = "<group>";
		};
		57D4B01924D1616500C6DE4C /* LaunchScreen.storyboard */ = {
			isa = PBXVariantGroup;
			children = (
				57D4B01A24D1616500C6DE4C /* Base */,
			);
			name = LaunchScreen.storyboard;
			sourceTree = "<group>";
		};
/* End PBXVariantGroup section */

/* Begin XCBuildConfiguration section */
		57D4B01F24D1616500C6DE4C /* Debug */ = {
			isa = XCBuildConfiguration;
			buildSettings = {
				ALWAYS_SEARCH_USER_PATHS = NO;
				CLANG_ANALYZER_NONNULL = YES;
				CLANG_ANALYZER_NUMBER_OBJECT_CONVERSION = YES_AGGRESSIVE;
				CLANG_CXX_LANGUAGE_STANDARD = "gnu++14";
				CLANG_CXX_LIBRARY = "libc++";
				CLANG_ENABLE_MODULES = YES;
				CLANG_ENABLE_OBJC_ARC = YES;
				CLANG_ENABLE_OBJC_WEAK = YES;
				CLANG_WARN_BLOCK_CAPTURE_AUTORELEASING = YES;
				CLANG_WARN_BOOL_CONVERSION = YES;
				CLANG_WARN_COMMA = YES;
				CLANG_WARN_CONSTANT_CONVERSION = YES;
				CLANG_WARN_DEPRECATED_OBJC_IMPLEMENTATIONS = YES;
				CLANG_WARN_DIRECT_OBJC_ISA_USAGE = YES_ERROR;
				CLANG_WARN_DOCUMENTATION_COMMENTS = YES;
				CLANG_WARN_EMPTY_BODY = YES;
				CLANG_WARN_ENUM_CONVERSION = YES;
				CLANG_WARN_INFINITE_RECURSION = YES;
				CLANG_WARN_INT_CONVERSION = YES;
				CLANG_WARN_NON_LITERAL_NULL_CONVERSION = YES;
				CLANG_WARN_OBJC_IMPLICIT_RETAIN_SELF = YES;
				CLANG_WARN_OBJC_LITERAL_CONVERSION = YES;
				CLANG_WARN_OBJC_ROOT_CLASS = YES_ERROR;
				CLANG_WARN_RANGE_LOOP_ANALYSIS = YES;
				CLANG_WARN_STRICT_PROTOTYPES = YES;
				CLANG_WARN_SUSPICIOUS_MOVE = YES;
				CLANG_WARN_UNGUARDED_AVAILABILITY = YES_AGGRESSIVE;
				CLANG_WARN_UNREACHABLE_CODE = YES;
				CLANG_WARN__DUPLICATE_METHOD_MATCH = YES;
				COPY_PHASE_STRIP = NO;
				DEBUG_INFORMATION_FORMAT = dwarf;
				ENABLE_STRICT_OBJC_MSGSEND = YES;
				ENABLE_TESTABILITY = YES;
				GCC_C_LANGUAGE_STANDARD = gnu11;
				GCC_DYNAMIC_NO_PIC = NO;
				GCC_NO_COMMON_BLOCKS = YES;
				GCC_OPTIMIZATION_LEVEL = 0;
				GCC_PREPROCESSOR_DEFINITIONS = (
					"DEBUG=1",
					"$(inherited)",
				);
				GCC_WARN_64_TO_32_BIT_CONVERSION = YES;
				GCC_WARN_ABOUT_RETURN_TYPE = YES_ERROR;
				GCC_WARN_UNDECLARED_SELECTOR = YES;
				GCC_WARN_UNINITIALIZED_AUTOS = YES_AGGRESSIVE;
				GCC_WARN_UNUSED_FUNCTION = YES;
				GCC_WARN_UNUSED_VARIABLE = YES;
				IPHONEOS_DEPLOYMENT_TARGET = 13.6;
				MTL_ENABLE_DEBUG_INFO = INCLUDE_SOURCE;
				MTL_FAST_MATH = YES;
				ONLY_ACTIVE_ARCH = YES;
				SDKROOT = iphoneos;
			};
			name = Debug;
		};
		57D4B02024D1616500C6DE4C /* Release */ = {
			isa = XCBuildConfiguration;
			buildSettings = {
				ALWAYS_SEARCH_USER_PATHS = NO;
				CLANG_ANALYZER_NONNULL = YES;
				CLANG_ANALYZER_NUMBER_OBJECT_CONVERSION = YES_AGGRESSIVE;
				CLANG_CXX_LANGUAGE_STANDARD = "gnu++14";
				CLANG_CXX_LIBRARY = "libc++";
				CLANG_ENABLE_MODULES = YES;
				CLANG_ENABLE_OBJC_ARC = YES;
				CLANG_ENABLE_OBJC_WEAK = YES;
				CLANG_WARN_BLOCK_CAPTURE_AUTORELEASING = YES;
				CLANG_WARN_BOOL_CONVERSION = YES;
				CLANG_WARN_COMMA = YES;
				CLANG_WARN_CONSTANT_CONVERSION = YES;
				CLANG_WARN_DEPRECATED_OBJC_IMPLEMENTATIONS = YES;
				CLANG_WARN_DIRECT_OBJC_ISA_USAGE = YES_ERROR;
				CLANG_WARN_DOCUMENTATION_COMMENTS = YES;
				CLANG_WARN_EMPTY_BODY = YES;
				CLANG_WARN_ENUM_CONVERSION = YES;
				CLANG_WARN_INFINITE_RECURSION = YES;
				CLANG_WARN_INT_CONVERSION = YES;
				CLANG_WARN_NON_LITERAL_NULL_CONVERSION = YES;
				CLANG_WARN_OBJC_IMPLICIT_RETAIN_SELF = YES;
				CLANG_WARN_OBJC_LITERAL_CONVERSION = YES;
				CLANG_WARN_OBJC_ROOT_CLASS = YES_ERROR;
				CLANG_WARN_RANGE_LOOP_ANALYSIS = YES;
				CLANG_WARN_STRICT_PROTOTYPES = YES;
				CLANG_WARN_SUSPICIOUS_MOVE = YES;
				CLANG_WARN_UNGUARDED_AVAILABILITY = YES_AGGRESSIVE;
				CLANG_WARN_UNREACHABLE_CODE = YES;
				CLANG_WARN__DUPLICATE_METHOD_MATCH = YES;
				COPY_PHASE_STRIP = NO;
				DEBUG_INFORMATION_FORMAT = "dwarf-with-dsym";
				ENABLE_NS_ASSERTIONS = NO;
				ENABLE_STRICT_OBJC_MSGSEND = YES;
				GCC_C_LANGUAGE_STANDARD = gnu11;
				GCC_NO_COMMON_BLOCKS = YES;
				GCC_WARN_64_TO_32_BIT_CONVERSION = YES;
				GCC_WARN_ABOUT_RETURN_TYPE = YES_ERROR;
				GCC_WARN_UNDECLARED_SELECTOR = YES;
				GCC_WARN_UNINITIALIZED_AUTOS = YES_AGGRESSIVE;
				GCC_WARN_UNUSED_FUNCTION = YES;
				GCC_WARN_UNUSED_VARIABLE = YES;
				IPHONEOS_DEPLOYMENT_TARGET = 13.6;
				MTL_ENABLE_DEBUG_INFO = NO;
				MTL_FAST_MATH = YES;
				SDKROOT = iphoneos;
				VALIDATE_PRODUCT = YES;
			};
			name = Release;
		};
		57D4B02224D1616500C6DE4C /* Debug */ = {
			isa = XCBuildConfiguration;
			buildSettings = {
				ASSETCATALOG_COMPILER_APPICON_NAME = AppIcon;
				CODE_SIGN_ENTITLEMENTS = "font-test/font-test.entitlements";
				CODE_SIGN_STYLE = Automatic;
				DEVELOPMENT_TEAM = 823M6R4A85;
				INFOPLIST_FILE = "font-test/Info.plist";
				IPHONEOS_DEPLOYMENT_TARGET = 11.0;
				LD_RUNPATH_SEARCH_PATHS = (
					"$(inherited)",
					"@executable_path/Frameworks",
				);
				PRODUCT_BUNDLE_IDENTIFIER = "com.hilive.font-test";
				PRODUCT_NAME = "$(TARGET_NAME)";
				SUPPORTS_MACCATALYST = YES;
				TARGETED_DEVICE_FAMILY = "1,2";
			};
			name = Debug;
		};
		57D4B02324D1616500C6DE4C /* Release */ = {
			isa = XCBuildConfiguration;
			buildSettings = {
				ASSETCATALOG_COMPILER_APPICON_NAME = AppIcon;
				CODE_SIGN_ENTITLEMENTS = "font-test/font-test.entitlements";
				CODE_SIGN_STYLE = Automatic;
				DEVELOPMENT_TEAM = 823M6R4A85;
				INFOPLIST_FILE = "font-test/Info.plist";
				IPHONEOS_DEPLOYMENT_TARGET = 11.0;
				LD_RUNPATH_SEARCH_PATHS = (
					"$(inherited)",
					"@executable_path/Frameworks",
				);
				PRODUCT_BUNDLE_IDENTIFIER = "com.hilive.font-test";
				PRODUCT_NAME = "$(TARGET_NAME)";
				SUPPORTS_MACCATALYST = YES;
				TARGETED_DEVICE_FAMILY = "1,2";
			};
			name = Release;
		};
/* End XCBuildConfiguration section */

/* Begin XCConfigurationList section */
		57D4B00324D1616300C6DE4C /* Build configuration list for PBXProject "font-test" */ = {
			isa = XCConfigurationList;
			buildConfigurations = (
				57D4B01F24D1616500C6DE4C /* Debug */,
				57D4B02024D1616500C6DE4C /* Release */,
			);
			defaultConfigurationIsVisible = 0;
			defaultConfigurationName = Release;
		};
		57D4B02124D1616500C6DE4C /* Build configuration list for PBXNativeTarget "font-test" */ = {
			isa = XCConfigurationList;
			buildConfigurations = (
				57D4B02224D1616500C6DE4C /* Debug */,
				57D4B02324D1616500C6DE4C /* Release */,
			);
			defaultConfigurationIsVisible = 0;
			defaultConfigurationName = Release;
		};
/* End XCConfigurationList section */
	};
	rootObject = 57D4B00024D1616300C6DE4C /* Project object */;
}
